
Microsoft Visual Studio Solution File, Format Version 12.00
# Visual Studio Version 17
VisualStudioVersion = 17.2.32630.192
MinimumVisualStudioVersion = 10.0.40219.1
Project("{FAE04EC0-301F-11D3-BF4B-00C04F79EFBC}") = "BulkyWeb", "BulkyWeb\BulkyWeb.csproj", "{EEDB83A0-31C6-42A2-8EB3-189775E3EFAA}"
EndProject
Global
	GlobalSection(SolutionConfigurationPlatforms) = preSolution
		Debug|Any CPU = Debug|Any CPU
		Release|Any CPU = Release|Any CPU
	EndGlobalSection
	GlobalSection(ProjectConfigurationPlatforms) = postSolution
		{EEDB83A0-31C6-42A2-8EB3-189775E3EFAA}.Debug|Any CPU.ActiveCfg = Debug|Any CPU
		{EEDB83A0-31C6-42A2-8EB3-189775E3EFAA}.Debug|Any CPU.Build.0 = Debug|Any CPU
		{EEDB83A0-31C6-42A2-8EB3-189775E3EFAA}.Release|Any CPU.ActiveCfg = Release|Any CPU
		{EEDB83A0-31C6-42A2-8EB3-189775E3EFAA}.Release|Any CPU.Build.0 = Release|Any CPU
	EndGlobalSection
	GlobalSection(SolutionProperties) = preSolution
		HideSolutionNode = FALSE
	EndGlobalSection
	GlobalSection(ExtensibilityGlobals) = postSolution
		SolutionGuid = {3BD7F38B-82D6-487E-969D-DEC4B4E78D79}
	EndGlobalSection
EndGlobal
